// !$*UTF8*$!
{
	archiveVersion = 1;
	classes = {
	};
	objectVersion = 55;
	objects = {

/* Begin PBXBuildFile section */
		676F7CBC281D2F4900CBBC12 /* BookStoreApp.swift in Sources */ = {isa = PBXBuildFile; fileRef = 676F7CBB281D2F4900CBBC12 /* BookStoreApp.swift */; };
		676F7CBE281D2F4900CBBC12 /* MainCatalogView.swift in Sources */ = {isa = PBXBuildFile; fileRef = 676F7CBD281D2F4900CBBC12 /* MainCatalogView.swift */; };
		676F7CC0281D2F4B00CBBC12 /* Assets.xcassets in Resources */ = {isa = PBXBuildFile; fileRef = 676F7CBF281D2F4B00CBBC12 /* Assets.xcassets */; };
		676F7CC3281D2F4B00CBBC12 /* Preview Assets.xcassets in Resources */ = {isa = PBXBuildFile; fileRef = 676F7CC2281D2F4B00CBBC12 /* Preview Assets.xcassets */; };
		676F7CCD281D2F4C00CBBC12 /* BookStoreTests.swift in Sources */ = {isa = PBXBuildFile; fileRef = 676F7CCC281D2F4C00CBBC12 /* BookStoreTests.swift */; };
		676F7CD7281D2F4C00CBBC12 /* BookStoreUITests.swift in Sources */ = {isa = PBXBuildFile; fileRef = 676F7CD6281D2F4C00CBBC12 /* BookStoreUITests.swift */; };
		676F7CD9281D2F4C00CBBC12 /* BookStoreUITestsLaunchTests.swift in Sources */ = {isa = PBXBuildFile; fileRef = 676F7CD8281D2F4C00CBBC12 /* BookStoreUITestsLaunchTests.swift */; };
		676F7CF1281D395100CBBC12 /* CatalogRepository.swift in Sources */ = {isa = PBXBuildFile; fileRef = 676F7CF0281D395100CBBC12 /* CatalogRepository.swift */; };
		676F7CF3281D39CA00CBBC12 /* RepositoriesInterface.swift in Sources */ = {isa = PBXBuildFile; fileRef = 676F7CF2281D39CA00CBBC12 /* RepositoriesInterface.swift */; };
		676F7CF5281D3A1000CBBC12 /* CatalogRepositoryParameters.swift in Sources */ = {isa = PBXBuildFile; fileRef = 676F7CF4281D3A1000CBBC12 /* CatalogRepositoryParameters.swift */; };
		676F7CF8281D3B7700CBBC12 /* BookBasicInfoDecodable.swift in Sources */ = {isa = PBXBuildFile; fileRef = 676F7CF7281D3B7700CBBC12 /* BookBasicInfoDecodable.swift */; };
		676F7CFB281D3EEB00CBBC12 /* GenericErrorDecodable.swift in Sources */ = {isa = PBXBuildFile; fileRef = 676F7CFA281D3EEB00CBBC12 /* GenericErrorDecodable.swift */; };
		676F7CFF281D410400CBBC12 /* DataTransferError.swift in Sources */ = {isa = PBXBuildFile; fileRef = 676F7CFE281D410400CBBC12 /* DataTransferError.swift */; };
		676F7D12281D57F600CBBC12 /* BookCatalogViewModel.swift in Sources */ = {isa = PBXBuildFile; fileRef = 676F7D11281D57F600CBBC12 /* BookCatalogViewModel.swift */; };
		676F7D15281D6A6B00CBBC12 /* LoadableViewModifier.swift in Sources */ = {isa = PBXBuildFile; fileRef = 676F7D14281D6A6B00CBBC12 /* LoadableViewModifier.swift */; };
		676F7D17281D6DA700CBBC12 /* CatalogUseCase.swift in Sources */ = {isa = PBXBuildFile; fileRef = 676F7D16281D6DA700CBBC12 /* CatalogUseCase.swift */; };
		676F7D19281D74EB00CBBC12 /* BookBasicInfoEntity.swift in Sources */ = {isa = PBXBuildFile; fileRef = 676F7D18281D74EB00CBBC12 /* BookBasicInfoEntity.swift */; };
		676F7D1B281D78DC00CBBC12 /* BookBasicInfoModel.swift in Sources */ = {isa = PBXBuildFile; fileRef = 676F7D1A281D78DC00CBBC12 /* BookBasicInfoModel.swift */; };
		676F7D1F281D994B00CBBC12 /* CatalogEntity.swift in Sources */ = {isa = PBXBuildFile; fileRef = 676F7D1E281D994B00CBBC12 /* CatalogEntity.swift */; };
		676F7D22281D99BB00CBBC12 /* PaginationModel.swift in Sources */ = {isa = PBXBuildFile; fileRef = 676F7D21281D99BB00CBBC12 /* PaginationModel.swift */; };
		676F7D25281DA17600CBBC12 /* Color+Extension.swift in Sources */ = {isa = PBXBuildFile; fileRef = 676F7D24281DA17600CBBC12 /* Color+Extension.swift */; };
		676F7D27281DACEF00CBBC12 /* CatalogRowView.swift in Sources */ = {isa = PBXBuildFile; fileRef = 676F7D26281DACEF00CBBC12 /* CatalogRowView.swift */; };
		676F7D2B281DBD2300CBBC12 /* ErrorView.swift in Sources */ = {isa = PBXBuildFile; fileRef = 676F7D2A281DBD2300CBBC12 /* ErrorView.swift */; };
		676F7D30281DBDC200CBBC12 /* SpinnerView.swift in Sources */ = {isa = PBXBuildFile; fileRef = 676F7D2F281DBDC200CBBC12 /* SpinnerView.swift */; };
		6777C89D281ED5EB0086DB76 /* MockApi.swift in Sources */ = {isa = PBXBuildFile; fileRef = 6777C89C281ED5EB0086DB76 /* MockApi.swift */; };
		6777C89F281EDC0A0086DB76 /* page1.txt in Resources */ = {isa = PBXBuildFile; fileRef = 6777C89E281EDC0A0086DB76 /* page1.txt */; };
		6777C8A4281EDF880086DB76 /* page2.txt in Resources */ = {isa = PBXBuildFile; fileRef = 6777C8A3281EDF880086DB76 /* page2.txt */; };
		6777C8A6281EE06E0086DB76 /* emptyData.txt in Resources */ = {isa = PBXBuildFile; fileRef = 6777C8A5281EE06E0086DB76 /* emptyData.txt */; };
		6777C8AA281EE9690086DB76 /* BookDetailView.swift in Sources */ = {isa = PBXBuildFile; fileRef = 6777C8A9281EE9690086DB76 /* BookDetailView.swift */; };
		6777C8AC281EF44D0086DB76 /* BookDetailModel.swift in Sources */ = {isa = PBXBuildFile; fileRef = 6777C8AB281EF44D0086DB76 /* BookDetailModel.swift */; };
		6777C8AF281EF4E00086DB76 /* BookDetailEntity.swift in Sources */ = {isa = PBXBuildFile; fileRef = 6777C8AE281EF4E00086DB76 /* BookDetailEntity.swift */; };
		6777C8B1281EF5280086DB76 /* BookDetailDecodable.swift in Sources */ = {isa = PBXBuildFile; fileRef = 6777C8B0281EF5280086DB76 /* BookDetailDecodable.swift */; };
		6777C8B4281EF64A0086DB76 /* BookDetailRepository.swift in Sources */ = {isa = PBXBuildFile; fileRef = 6777C8B3281EF64A0086DB76 /* BookDetailRepository.swift */; };
		6777C8B8281EF7370086DB76 /* BookDetailUseCase.swift in Sources */ = {isa = PBXBuildFile; fileRef = 6777C8B7281EF7370086DB76 /* BookDetailUseCase.swift */; };
		6777C8BB281EFCD70086DB76 /* BookDetailViewModel.swift in Sources */ = {isa = PBXBuildFile; fileRef = 6777C8BA281EFCD70086DB76 /* BookDetailViewModel.swift */; };
		6777C8BD281F02D50086DB76 /* steppenwolf.txt in Resources */ = {isa = PBXBuildFile; fileRef = 6777C8BC281F02D50086DB76 /* steppenwolf.txt */; };
		6777C8BF281F09030086DB76 /* wizard_oz.txt in Resources */ = {isa = PBXBuildFile; fileRef = 6777C8BE281F09030086DB76 /* wizard_oz.txt */; };
/* End PBXBuildFile section */

/* Begin PBXContainerItemProxy section */
		676F7CC9281D2F4C00CBBC12 /* PBXContainerItemProxy */ = {
			isa = PBXContainerItemProxy;
			containerPortal = 676F7CB0281D2F4900CBBC12 /* Project object */;
			proxyType = 1;
			remoteGlobalIDString = 676F7CB7281D2F4900CBBC12;
			remoteInfo = BookStore;
		};
		676F7CD3281D2F4C00CBBC12 /* PBXContainerItemProxy */ = {
			isa = PBXContainerItemProxy;
			containerPortal = 676F7CB0281D2F4900CBBC12 /* Project object */;
			proxyType = 1;
			remoteGlobalIDString = 676F7CB7281D2F4900CBBC12;
			remoteInfo = BookStore;
		};
/* End PBXContainerItemProxy section */

/* Begin PBXFileReference section */
		676F7CB8281D2F4900CBBC12 /* BookStore.app */ = {isa = PBXFileReference; explicitFileType = wrapper.application; includeInIndex = 0; path = BookStore.app; sourceTree = BUILT_PRODUCTS_DIR; };
		676F7CBB281D2F4900CBBC12 /* BookStoreApp.swift */ = {isa = PBXFileReference; lastKnownFileType = sourcecode.swift; path = BookStoreApp.swift; sourceTree = "<group>"; };
		676F7CBD281D2F4900CBBC12 /* MainCatalogView.swift */ = {isa = PBXFileReference; lastKnownFileType = sourcecode.swift; path = MainCatalogView.swift; sourceTree = "<group>"; };
		676F7CBF281D2F4B00CBBC12 /* Assets.xcassets */ = {isa = PBXFileReference; lastKnownFileType = folder.assetcatalog; path = Assets.xcassets; sourceTree = "<group>"; };
		676F7CC2281D2F4B00CBBC12 /* Preview Assets.xcassets */ = {isa = PBXFileReference; lastKnownFileType = folder.assetcatalog; path = "Preview Assets.xcassets"; sourceTree = "<group>"; };
		676F7CC8281D2F4C00CBBC12 /* BookStoreTests.xctest */ = {isa = PBXFileReference; explicitFileType = wrapper.cfbundle; includeInIndex = 0; path = BookStoreTests.xctest; sourceTree = BUILT_PRODUCTS_DIR; };
		676F7CCC281D2F4C00CBBC12 /* BookStoreTests.swift */ = {isa = PBXFileReference; lastKnownFileType = sourcecode.swift; path = BookStoreTests.swift; sourceTree = "<group>"; };
		676F7CD2281D2F4C00CBBC12 /* BookStoreUITests.xctest */ = {isa = PBXFileReference; explicitFileType = wrapper.cfbundle; includeInIndex = 0; path = BookStoreUITests.xctest; sourceTree = BUILT_PRODUCTS_DIR; };
		676F7CD6281D2F4C00CBBC12 /* BookStoreUITests.swift */ = {isa = PBXFileReference; lastKnownFileType = sourcecode.swift; path = BookStoreUITests.swift; sourceTree = "<group>"; };
		676F7CD8281D2F4C00CBBC12 /* BookStoreUITestsLaunchTests.swift */ = {isa = PBXFileReference; lastKnownFileType = sourcecode.swift; path = BookStoreUITestsLaunchTests.swift; sourceTree = "<group>"; };
		676F7CF0281D395100CBBC12 /* CatalogRepository.swift */ = {isa = PBXFileReference; lastKnownFileType = sourcecode.swift; path = CatalogRepository.swift; sourceTree = "<group>"; };
		676F7CF2281D39CA00CBBC12 /* RepositoriesInterface.swift */ = {isa = PBXFileReference; lastKnownFileType = sourcecode.swift; path = RepositoriesInterface.swift; sourceTree = "<group>"; };
		676F7CF4281D3A1000CBBC12 /* CatalogRepositoryParameters.swift */ = {isa = PBXFileReference; lastKnownFileType = sourcecode.swift; path = CatalogRepositoryParameters.swift; sourceTree = "<group>"; };
		676F7CF7281D3B7700CBBC12 /* BookBasicInfoDecodable.swift */ = {isa = PBXFileReference; lastKnownFileType = sourcecode.swift; path = BookBasicInfoDecodable.swift; sourceTree = "<group>"; };
		676F7CFA281D3EEB00CBBC12 /* GenericErrorDecodable.swift */ = {isa = PBXFileReference; lastKnownFileType = sourcecode.swift; path = GenericErrorDecodable.swift; sourceTree = "<group>"; };
		676F7CFE281D410400CBBC12 /* DataTransferError.swift */ = {isa = PBXFileReference; lastKnownFileType = sourcecode.swift; path = DataTransferError.swift; sourceTree = "<group>"; };
		676F7D11281D57F600CBBC12 /* BookCatalogViewModel.swift */ = {isa = PBXFileReference; lastKnownFileType = sourcecode.swift; path = BookCatalogViewModel.swift; sourceTree = "<group>"; };
		676F7D14281D6A6B00CBBC12 /* LoadableViewModifier.swift */ = {isa = PBXFileReference; lastKnownFileType = sourcecode.swift; path = LoadableViewModifier.swift; sourceTree = "<group>"; };
		676F7D16281D6DA700CBBC12 /* CatalogUseCase.swift */ = {isa = PBXFileReference; lastKnownFileType = sourcecode.swift; path = CatalogUseCase.swift; sourceTree = "<group>"; };
		676F7D18281D74EB00CBBC12 /* BookBasicInfoEntity.swift */ = {isa = PBXFileReference; lastKnownFileType = sourcecode.swift; path = BookBasicInfoEntity.swift; sourceTree = "<group>"; };
		676F7D1A281D78DC00CBBC12 /* BookBasicInfoModel.swift */ = {isa = PBXFileReference; lastKnownFileType = sourcecode.swift; path = BookBasicInfoModel.swift; sourceTree = "<group>"; };
		676F7D1E281D994B00CBBC12 /* CatalogEntity.swift */ = {isa = PBXFileReference; lastKnownFileType = sourcecode.swift; path = CatalogEntity.swift; sourceTree = "<group>"; };
		676F7D21281D99BB00CBBC12 /* PaginationModel.swift */ = {isa = PBXFileReference; lastKnownFileType = sourcecode.swift; path = PaginationModel.swift; sourceTree = "<group>"; };
		676F7D24281DA17600CBBC12 /* Color+Extension.swift */ = {isa = PBXFileReference; lastKnownFileType = sourcecode.swift; path = "Color+Extension.swift"; sourceTree = "<group>"; };
		676F7D26281DACEF00CBBC12 /* CatalogRowView.swift */ = {isa = PBXFileReference; lastKnownFileType = sourcecode.swift; path = CatalogRowView.swift; sourceTree = "<group>"; };
		676F7D2A281DBD2300CBBC12 /* ErrorView.swift */ = {isa = PBXFileReference; lastKnownFileType = sourcecode.swift; path = ErrorView.swift; sourceTree = "<group>"; };
		676F7D2F281DBDC200CBBC12 /* SpinnerView.swift */ = {isa = PBXFileReference; lastKnownFileType = sourcecode.swift; path = SpinnerView.swift; sourceTree = "<group>"; };
		6777C89C281ED5EB0086DB76 /* MockApi.swift */ = {isa = PBXFileReference; lastKnownFileType = sourcecode.swift; path = MockApi.swift; sourceTree = "<group>"; };
		6777C89E281EDC0A0086DB76 /* page1.txt */ = {isa = PBXFileReference; fileEncoding = 4; lastKnownFileType = text; path = page1.txt; sourceTree = "<group>"; };
		6777C8A3281EDF880086DB76 /* page2.txt */ = {isa = PBXFileReference; fileEncoding = 4; lastKnownFileType = text; path = page2.txt; sourceTree = "<group>"; };
		6777C8A5281EE06E0086DB76 /* emptyData.txt */ = {isa = PBXFileReference; fileEncoding = 4; lastKnownFileType = text; path = emptyData.txt; sourceTree = "<group>"; };
		6777C8A9281EE9690086DB76 /* BookDetailView.swift */ = {isa = PBXFileReference; lastKnownFileType = sourcecode.swift; path = BookDetailView.swift; sourceTree = "<group>"; };
		6777C8AB281EF44D0086DB76 /* BookDetailModel.swift */ = {isa = PBXFileReference; lastKnownFileType = sourcecode.swift; path = BookDetailModel.swift; sourceTree = "<group>"; };
		6777C8AE281EF4E00086DB76 /* BookDetailEntity.swift */ = {isa = PBXFileReference; lastKnownFileType = sourcecode.swift; path = BookDetailEntity.swift; sourceTree = "<group>"; };
		6777C8B0281EF5280086DB76 /* BookDetailDecodable.swift */ = {isa = PBXFileReference; lastKnownFileType = sourcecode.swift; path = BookDetailDecodable.swift; sourceTree = "<group>"; };
		6777C8B3281EF64A0086DB76 /* BookDetailRepository.swift */ = {isa = PBXFileReference; lastKnownFileType = sourcecode.swift; path = BookDetailRepository.swift; sourceTree = "<group>"; };
		6777C8B7281EF7370086DB76 /* BookDetailUseCase.swift */ = {isa = PBXFileReference; lastKnownFileType = sourcecode.swift; path = BookDetailUseCase.swift; sourceTree = "<group>"; };
		6777C8BA281EFCD70086DB76 /* BookDetailViewModel.swift */ = {isa = PBXFileReference; lastKnownFileType = sourcecode.swift; path = BookDetailViewModel.swift; sourceTree = "<group>"; };
		6777C8BC281F02D50086DB76 /* steppenwolf.txt */ = {isa = PBXFileReference; fileEncoding = 4; lastKnownFileType = text; path = steppenwolf.txt; sourceTree = "<group>"; };
		6777C8BE281F09030086DB76 /* wizard_oz.txt */ = {isa = PBXFileReference; fileEncoding = 4; lastKnownFileType = text; path = wizard_oz.txt; sourceTree = "<group>"; };
/* End PBXFileReference section */

/* Begin PBXFrameworksBuildPhase section */
		676F7CB5281D2F4900CBBC12 /* Frameworks */ = {
			isa = PBXFrameworksBuildPhase;
			buildActionMask = 2147483647;
			files = (
			);
			runOnlyForDeploymentPostprocessing = 0;
		};
		676F7CC5281D2F4C00CBBC12 /* Frameworks */ = {
			isa = PBXFrameworksBuildPhase;
			buildActionMask = 2147483647;
			files = (
			);
			runOnlyForDeploymentPostprocessing = 0;
		};
		676F7CCF281D2F4C00CBBC12 /* Frameworks */ = {
			isa = PBXFrameworksBuildPhase;
			buildActionMask = 2147483647;
			files = (
			);
			runOnlyForDeploymentPostprocessing = 0;
		};
/* End PBXFrameworksBuildPhase section */

/* Begin PBXGroup section */
		676F7CAF281D2F4900CBBC12 = {
			isa = PBXGroup;
			children = (
				676F7CBA281D2F4900CBBC12 /* BookStore */,
				676F7CCB281D2F4C00CBBC12 /* BookStoreTests */,
				676F7CD5281D2F4C00CBBC12 /* BookStoreUITests */,
				676F7CB9281D2F4900CBBC12 /* Products */,
			);
			sourceTree = "<group>";
		};
		676F7CB9281D2F4900CBBC12 /* Products */ = {
			isa = PBXGroup;
			children = (
				676F7CB8281D2F4900CBBC12 /* BookStore.app */,
				676F7CC8281D2F4C00CBBC12 /* BookStoreTests.xctest */,
				676F7CD2281D2F4C00CBBC12 /* BookStoreUITests.xctest */,
			);
			name = Products;
			sourceTree = "<group>";
		};
		676F7CBA281D2F4900CBBC12 /* BookStore */ = {
			isa = PBXGroup;
			children = (
				676F7CFC281D40B700CBBC12 /* Core */,
				676F7CE5281D35B800CBBC12 /* Features */,
				676F7CBB281D2F4900CBBC12 /* BookStoreApp.swift */,
				676F7CBF281D2F4B00CBBC12 /* Assets.xcassets */,
				676F7CC1281D2F4B00CBBC12 /* Preview Content */,
				676F7D0B281D4BA000CBBC12 /* Mocks */,
			);
			path = BookStore;
			sourceTree = "<group>";
		};
		676F7CC1281D2F4B00CBBC12 /* Preview Content */ = {
			isa = PBXGroup;
			children = (
				676F7CC2281D2F4B00CBBC12 /* Preview Assets.xcassets */,
			);
			path = "Preview Content";
			sourceTree = "<group>";
		};
		676F7CCB281D2F4C00CBBC12 /* BookStoreTests */ = {
			isa = PBXGroup;
			children = (
				676F7CCC281D2F4C00CBBC12 /* BookStoreTests.swift */,
			);
			path = BookStoreTests;
			sourceTree = "<group>";
		};
		676F7CD5281D2F4C00CBBC12 /* BookStoreUITests */ = {
			isa = PBXGroup;
			children = (
				676F7CD6281D2F4C00CBBC12 /* BookStoreUITests.swift */,
				676F7CD8281D2F4C00CBBC12 /* BookStoreUITestsLaunchTests.swift */,
			);
			path = BookStoreUITests;
			sourceTree = "<group>";
		};
		676F7CE5281D35B800CBBC12 /* Features */ = {
			isa = PBXGroup;
			children = (
				676F7CE6281D35C200CBBC12 /* Data */,
				676F7CE7281D35C800CBBC12 /* Domain */,
				676F7CE8281D35D200CBBC12 /* Presentation */,
			);
			path = Features;
			sourceTree = "<group>";
		};
		676F7CE6281D35C200CBBC12 /* Data */ = {
			isa = PBXGroup;
			children = (
				676F7CEB281D373000CBBC12 /* Repositories */,
				676F7CEA281D372600CBBC12 /* Decodables */,
			);
			path = Data;
			sourceTree = "<group>";
		};
		676F7CE7281D35C800CBBC12 /* Domain */ = {
			isa = PBXGroup;
			children = (
				676F7CEE281D375400CBBC12 /* UseCases */,
				676F7CED281D374900CBBC12 /* Interfaces */,
				676F7CEC281D373B00CBBC12 /* Entities */,
			);
			path = Domain;
			sourceTree = "<group>";
		};
		676F7CE8281D35D200CBBC12 /* Presentation */ = {
			isa = PBXGroup;
			children = (
				6777C8A7281EE9430086DB76 /* BookDetail */,
				676F7CE9281D366700CBBC12 /* Catalog */,
				676F7D28281DBCDE00CBBC12 /* ErrorView */,
				676F7D13281D6A0D00CBBC12 /* Modifiers */,
				676F7D2E281DBDA500CBBC12 /* SpinnerView */,
			);
			path = Presentation;
			sourceTree = "<group>";
		};
		676F7CE9281D366700CBBC12 /* Catalog */ = {
			isa = PBXGroup;
			children = (
				676F7D10281D57CD00CBBC12 /* ViewModel */,
				676F7D0F281D57C600CBBC12 /* Model */,
				676F7D0E281D57BD00CBBC12 /* View */,
			);
			path = Catalog;
			sourceTree = "<group>";
		};
		676F7CEA281D372600CBBC12 /* Decodables */ = {
			isa = PBXGroup;
			children = (
				676F7CF9281D3E9600CBBC12 /* Errors */,
				676F7CF6281D3B0F00CBBC12 /* Book */,
			);
			path = Decodables;
			sourceTree = "<group>";
		};
		676F7CEB281D373000CBBC12 /* Repositories */ = {
			isa = PBXGroup;
			children = (
				6777C8B2281EF63A0086DB76 /* BookDetail */,
				676F7CEF281D392200CBBC12 /* Catalog */,
			);
			path = Repositories;
			sourceTree = "<group>";
		};
		676F7CEC281D373B00CBBC12 /* Entities */ = {
			isa = PBXGroup;
			children = (
				676F7D1D281D993600CBBC12 /* Catalog */,
				676F7D1C281D992C00CBBC12 /* Book */,
			);
			path = Entities;
			sourceTree = "<group>";
		};
		676F7CED281D374900CBBC12 /* Interfaces */ = {
			isa = PBXGroup;
			children = (
				676F7CF2281D39CA00CBBC12 /* RepositoriesInterface.swift */,
			);
			path = Interfaces;
			sourceTree = "<group>";
		};
		676F7CEE281D375400CBBC12 /* UseCases */ = {
			isa = PBXGroup;
			children = (
				6777C8B6281EF7220086DB76 /* Book */,
				6777C8B5281EF7180086DB76 /* Catalog */,
			);
			path = UseCases;
			sourceTree = "<group>";
		};
		676F7CEF281D392200CBBC12 /* Catalog */ = {
			isa = PBXGroup;
			children = (
				676F7CF0281D395100CBBC12 /* CatalogRepository.swift */,
				676F7CF4281D3A1000CBBC12 /* CatalogRepositoryParameters.swift */,
			);
			path = Catalog;
			sourceTree = "<group>";
		};
		676F7CF6281D3B0F00CBBC12 /* Book */ = {
			isa = PBXGroup;
			children = (
				676F7CF7281D3B7700CBBC12 /* BookBasicInfoDecodable.swift */,
				6777C8B0281EF5280086DB76 /* BookDetailDecodable.swift */,
			);
			path = Book;
			sourceTree = "<group>";
		};
		676F7CF9281D3E9600CBBC12 /* Errors */ = {
			isa = PBXGroup;
			children = (
				676F7CFA281D3EEB00CBBC12 /* GenericErrorDecodable.swift */,
			);
			path = Errors;
			sourceTree = "<group>";
		};
		676F7CFC281D40B700CBBC12 /* Core */ = {
			isa = PBXGroup;
			children = (
				676F7D23281DA12400CBBC12 /* Extensions */,
				676F7D20281D99AB00CBBC12 /* Pagination */,
				676F7CFD281D40C500CBBC12 /* Network */,
			);
			path = Core;
			sourceTree = "<group>";
		};
		676F7CFD281D40C500CBBC12 /* Network */ = {
			isa = PBXGroup;
			children = (
				676F7CFE281D410400CBBC12 /* DataTransferError.swift */,
			);
			path = Network;
			sourceTree = "<group>";
		};
		676F7D0B281D4BA000CBBC12 /* Mocks */ = {
			isa = PBXGroup;
			children = (
				6777C89C281ED5EB0086DB76 /* MockApi.swift */,
				6777C8A1281EDD8C0086DB76 /* api */,
			);
			path = Mocks;
			sourceTree = "<group>";
		};
		676F7D0E281D57BD00CBBC12 /* View */ = {
			isa = PBXGroup;
			children = (
				676F7CBD281D2F4900CBBC12 /* MainCatalogView.swift */,
				676F7D26281DACEF00CBBC12 /* CatalogRowView.swift */,
			);
			path = View;
			sourceTree = "<group>";
		};
		676F7D0F281D57C600CBBC12 /* Model */ = {
			isa = PBXGroup;
			children = (
				676F7D1A281D78DC00CBBC12 /* BookBasicInfoModel.swift */,
			);
			path = Model;
			sourceTree = "<group>";
		};
		676F7D10281D57CD00CBBC12 /* ViewModel */ = {
			isa = PBXGroup;
			children = (
				676F7D11281D57F600CBBC12 /* BookCatalogViewModel.swift */,
			);
			path = ViewModel;
			sourceTree = "<group>";
		};
		676F7D13281D6A0D00CBBC12 /* Modifiers */ = {
			isa = PBXGroup;
			children = (
				676F7D14281D6A6B00CBBC12 /* LoadableViewModifier.swift */,
			);
			path = Modifiers;
			sourceTree = "<group>";
		};
		676F7D1C281D992C00CBBC12 /* Book */ = {
			isa = PBXGroup;
			children = (
				676F7D18281D74EB00CBBC12 /* BookBasicInfoEntity.swift */,
				6777C8AE281EF4E00086DB76 /* BookDetailEntity.swift */,
			);
			path = Book;
			sourceTree = "<group>";
		};
		676F7D1D281D993600CBBC12 /* Catalog */ = {
			isa = PBXGroup;
			children = (
				676F7D1E281D994B00CBBC12 /* CatalogEntity.swift */,
			);
			path = Catalog;
			sourceTree = "<group>";
		};
		676F7D20281D99AB00CBBC12 /* Pagination */ = {
			isa = PBXGroup;
			children = (
				676F7D21281D99BB00CBBC12 /* PaginationModel.swift */,
			);
			path = Pagination;
			sourceTree = "<group>";
		};
		676F7D23281DA12400CBBC12 /* Extensions */ = {
			isa = PBXGroup;
			children = (
				676F7D24281DA17600CBBC12 /* Color+Extension.swift */,
			);
			path = Extensions;
			sourceTree = "<group>";
		};
		676F7D28281DBCDE00CBBC12 /* ErrorView */ = {
			isa = PBXGroup;
			children = (
				676F7D2A281DBD2300CBBC12 /* ErrorView.swift */,
			);
			path = ErrorView;
			sourceTree = "<group>";
		};
		676F7D2E281DBDA500CBBC12 /* SpinnerView */ = {
			isa = PBXGroup;
			children = (
				676F7D2F281DBDC200CBBC12 /* SpinnerView.swift */,
			);
			path = SpinnerView;
			sourceTree = "<group>";
		};
		6777C8A0281EDC6C0086DB76 /* items */ = {
			isa = PBXGroup;
			children = (
				6777C89E281EDC0A0086DB76 /* page1.txt */,
				6777C8A3281EDF880086DB76 /* page2.txt */,
				6777C8A5281EE06E0086DB76 /* emptyData.txt */,
				6777C8BC281F02D50086DB76 /* steppenwolf.txt */,
				6777C8BE281F09030086DB76 /* wizard_oz.txt */,
			);
			path = items;
			sourceTree = "<group>";
		};
		6777C8A1281EDD8C0086DB76 /* api */ = {
			isa = PBXGroup;
			children = (
				6777C8A2281EDD930086DB76 /* v1 */,
			);
			path = api;
			sourceTree = "<group>";
		};
		6777C8A2281EDD930086DB76 /* v1 */ = {
			isa = PBXGroup;
			children = (
				6777C8A0281EDC6C0086DB76 /* items */,
			);
			path = v1;
			sourceTree = "<group>";
		};
		6777C8A7281EE9430086DB76 /* BookDetail */ = {
			isa = PBXGroup;
			children = (
				6777C8B9281EFCC90086DB76 /* ViewModel */,
				6777C8AD281EF4560086DB76 /* Model */,
				6777C8A8281EE95A0086DB76 /* View */,
			);
			path = BookDetail;
			sourceTree = "<group>";
		};
		6777C8A8281EE95A0086DB76 /* View */ = {
			isa = PBXGroup;
			children = (
				6777C8A9281EE9690086DB76 /* BookDetailView.swift */,
			);
			path = View;
			sourceTree = "<group>";
		};
		6777C8AD281EF4560086DB76 /* Model */ = {
			isa = PBXGroup;
			children = (
				6777C8AB281EF44D0086DB76 /* BookDetailModel.swift */,
			);
			path = Model;
			sourceTree = "<group>";
		};
		6777C8B2281EF63A0086DB76 /* BookDetail */ = {
			isa = PBXGroup;
			children = (
				6777C8B3281EF64A0086DB76 /* BookDetailRepository.swift */,
			);
			path = BookDetail;
			sourceTree = "<group>";
		};
		6777C8B5281EF7180086DB76 /* Catalog */ = {
			isa = PBXGroup;
			children = (
				676F7D16281D6DA700CBBC12 /* CatalogUseCase.swift */,
			);
			path = Catalog;
			sourceTree = "<group>";
		};
		6777C8B6281EF7220086DB76 /* Book */ = {
			isa = PBXGroup;
			children = (
				6777C8B7281EF7370086DB76 /* BookDetailUseCase.swift */,
			);
			path = Book;
			sourceTree = "<group>";
		};
		6777C8B9281EFCC90086DB76 /* ViewModel */ = {
			isa = PBXGroup;
			children = (
				6777C8BA281EFCD70086DB76 /* BookDetailViewModel.swift */,
			);
			path = ViewModel;
			sourceTree = "<group>";
		};
/* End PBXGroup section */

/* Begin PBXNativeTarget section */
		676F7CB7281D2F4900CBBC12 /* BookStore */ = {
			isa = PBXNativeTarget;
			buildConfigurationList = 676F7CDC281D2F4C00CBBC12 /* Build configuration list for PBXNativeTarget "BookStore" */;
			buildPhases = (
				676F7CB4281D2F4900CBBC12 /* Sources */,
				676F7CB5281D2F4900CBBC12 /* Frameworks */,
				676F7CB6281D2F4900CBBC12 /* Resources */,
			);
			buildRules = (
			);
			dependencies = (
			);
			name = BookStore;
			productName = BookStore;
			productReference = 676F7CB8281D2F4900CBBC12 /* BookStore.app */;
			productType = "com.apple.product-type.application";
		};
		676F7CC7281D2F4C00CBBC12 /* BookStoreTests */ = {
			isa = PBXNativeTarget;
			buildConfigurationList = 676F7CDF281D2F4C00CBBC12 /* Build configuration list for PBXNativeTarget "BookStoreTests" */;
			buildPhases = (
				676F7CC4281D2F4C00CBBC12 /* Sources */,
				676F7CC5281D2F4C00CBBC12 /* Frameworks */,
				676F7CC6281D2F4C00CBBC12 /* Resources */,
			);
			buildRules = (
			);
			dependencies = (
				676F7CCA281D2F4C00CBBC12 /* PBXTargetDependency */,
			);
			name = BookStoreTests;
			productName = BookStoreTests;
			productReference = 676F7CC8281D2F4C00CBBC12 /* BookStoreTests.xctest */;
			productType = "com.apple.product-type.bundle.unit-test";
		};
		676F7CD1281D2F4C00CBBC12 /* BookStoreUITests */ = {
			isa = PBXNativeTarget;
			buildConfigurationList = 676F7CE2281D2F4C00CBBC12 /* Build configuration list for PBXNativeTarget "BookStoreUITests" */;
			buildPhases = (
				676F7CCE281D2F4C00CBBC12 /* Sources */,
				676F7CCF281D2F4C00CBBC12 /* Frameworks */,
				676F7CD0281D2F4C00CBBC12 /* Resources */,
			);
			buildRules = (
			);
			dependencies = (
				676F7CD4281D2F4C00CBBC12 /* PBXTargetDependency */,
			);
			name = BookStoreUITests;
			productName = BookStoreUITests;
			productReference = 676F7CD2281D2F4C00CBBC12 /* BookStoreUITests.xctest */;
			productType = "com.apple.product-type.bundle.ui-testing";
		};
/* End PBXNativeTarget section */

/* Begin PBXProject section */
		676F7CB0281D2F4900CBBC12 /* Project object */ = {
			isa = PBXProject;
			attributes = {
				BuildIndependentTargetsInParallel = 1;
				LastSwiftUpdateCheck = 1310;
				LastUpgradeCheck = 1310;
				TargetAttributes = {
					676F7CB7281D2F4900CBBC12 = {
						CreatedOnToolsVersion = 13.1;
					};
					676F7CC7281D2F4C00CBBC12 = {
						CreatedOnToolsVersion = 13.1;
						TestTargetID = 676F7CB7281D2F4900CBBC12;
					};
					676F7CD1281D2F4C00CBBC12 = {
						CreatedOnToolsVersion = 13.1;
						TestTargetID = 676F7CB7281D2F4900CBBC12;
					};
				};
			};
			buildConfigurationList = 676F7CB3281D2F4900CBBC12 /* Build configuration list for PBXProject "BookStore" */;
			compatibilityVersion = "Xcode 13.0";
			developmentRegion = en;
			hasScannedForEncodings = 0;
			knownRegions = (
				en,
				Base,
			);
			mainGroup = 676F7CAF281D2F4900CBBC12;
			productRefGroup = 676F7CB9281D2F4900CBBC12 /* Products */;
			projectDirPath = "";
			projectRoot = "";
			targets = (
				676F7CB7281D2F4900CBBC12 /* BookStore */,
				676F7CC7281D2F4C00CBBC12 /* BookStoreTests */,
				676F7CD1281D2F4C00CBBC12 /* BookStoreUITests */,
			);
		};
/* End PBXProject section */

/* Begin PBXResourcesBuildPhase section */
		676F7CB6281D2F4900CBBC12 /* Resources */ = {
			isa = PBXResourcesBuildPhase;
			buildActionMask = 2147483647;
			files = (
				6777C8BD281F02D50086DB76 /* steppenwolf.txt in Resources */,
				6777C8A6281EE06E0086DB76 /* emptyData.txt in Resources */,
				676F7CC3281D2F4B00CBBC12 /* Preview Assets.xcassets in Resources */,
				676F7CC0281D2F4B00CBBC12 /* Assets.xcassets in Resources */,
				6777C8A4281EDF880086DB76 /* page2.txt in Resources */,
				6777C89F281EDC0A0086DB76 /* page1.txt in Resources */,
				6777C8BF281F09030086DB76 /* wizard_oz.txt in Resources */,
			);
			runOnlyForDeploymentPostprocessing = 0;
		};
		676F7CC6281D2F4C00CBBC12 /* Resources */ = {
			isa = PBXResourcesBuildPhase;
			buildActionMask = 2147483647;
			files = (
			);
			runOnlyForDeploymentPostprocessing = 0;
		};
		676F7CD0281D2F4C00CBBC12 /* Resources */ = {
			isa = PBXResourcesBuildPhase;
			buildActionMask = 2147483647;
			files = (
			);
			runOnlyForDeploymentPostprocessing = 0;
		};
/* End PBXResourcesBuildPhase section */

/* Begin PBXSourcesBuildPhase section */
		676F7CB4281D2F4900CBBC12 /* Sources */ = {
			isa = PBXSourcesBuildPhase;
			buildActionMask = 2147483647;
			files = (
				676F7CBE281D2F4900CBBC12 /* MainCatalogView.swift in Sources */,
				676F7CF1281D395100CBBC12 /* CatalogRepository.swift in Sources */,
				676F7D2B281DBD2300CBBC12 /* ErrorView.swift in Sources */,
				676F7CBC281D2F4900CBBC12 /* BookStoreApp.swift in Sources */,
				676F7CFF281D410400CBBC12 /* DataTransferError.swift in Sources */,
				676F7CF3281D39CA00CBBC12 /* RepositoriesInterface.swift in Sources */,
				6777C89D281ED5EB0086DB76 /* MockApi.swift in Sources */,
				676F7CF5281D3A1000CBBC12 /* CatalogRepositoryParameters.swift in Sources */,
				676F7CFB281D3EEB00CBBC12 /* GenericErrorDecodable.swift in Sources */,
				676F7D1F281D994B00CBBC12 /* CatalogEntity.swift in Sources */,
				676F7D17281D6DA700CBBC12 /* CatalogUseCase.swift in Sources */,
				676F7CF8281D3B7700CBBC12 /* BookBasicInfoDecodable.swift in Sources */,
				676F7D12281D57F600CBBC12 /* BookCatalogViewModel.swift in Sources */,
				6777C8AA281EE9690086DB76 /* BookDetailView.swift in Sources */,
				6777C8B4281EF64A0086DB76 /* BookDetailRepository.swift in Sources */,
				6777C8B8281EF7370086DB76 /* BookDetailUseCase.swift in Sources */,
				676F7D30281DBDC200CBBC12 /* SpinnerView.swift in Sources */,
				676F7D22281D99BB00CBBC12 /* PaginationModel.swift in Sources */,
				676F7D1B281D78DC00CBBC12 /* BookBasicInfoModel.swift in Sources */,
				676F7D25281DA17600CBBC12 /* Color+Extension.swift in Sources */,
				676F7D15281D6A6B00CBBC12 /* LoadableViewModifier.swift in Sources */,
				6777C8AC281EF44D0086DB76 /* BookDetailModel.swift in Sources */,
				676F7D19281D74EB00CBBC12 /* BookBasicInfoEntity.swift in Sources */,
				6777C8B1281EF5280086DB76 /* BookDetailDecodable.swift in Sources */,
				676F7D27281DACEF00CBBC12 /* CatalogRowView.swift in Sources */,
				6777C8AF281EF4E00086DB76 /* BookDetailEntity.swift in Sources */,
				6777C8BB281EFCD70086DB76 /* BookDetailViewModel.swift in Sources */,
			);
			runOnlyForDeploymentPostprocessing = 0;
		};
		676F7CC4281D2F4C00CBBC12 /* Sources */ = {
			isa = PBXSourcesBuildPhase;
			buildActionMask = 2147483647;
			files = (
				676F7CCD281D2F4C00CBBC12 /* BookStoreTests.swift in Sources */,
			);
			runOnlyForDeploymentPostprocessing = 0;
		};
		676F7CCE281D2F4C00CBBC12 /* Sources */ = {
			isa = PBXSourcesBuildPhase;
			buildActionMask = 2147483647;
			files = (
				676F7CD7281D2F4C00CBBC12 /* BookStoreUITests.swift in Sources */,
				676F7CD9281D2F4C00CBBC12 /* BookStoreUITestsLaunchTests.swift in Sources */,
			);
			runOnlyForDeploymentPostprocessing = 0;
		};
/* End PBXSourcesBuildPhase section */

/* Begin PBXTargetDependency section */
		676F7CCA281D2F4C00CBBC12 /* PBXTargetDependency */ = {
			isa = PBXTargetDependency;
			target = 676F7CB7281D2F4900CBBC12 /* BookStore */;
			targetProxy = 676F7CC9281D2F4C00CBBC12 /* PBXContainerItemProxy */;
		};
		676F7CD4281D2F4C00CBBC12 /* PBXTargetDependency */ = {
			isa = PBXTargetDependency;
			target = 676F7CB7281D2F4900CBBC12 /* BookStore */;
			targetProxy = 676F7CD3281D2F4C00CBBC12 /* PBXContainerItemProxy */;
		};
/* End PBXTargetDependency section */

/* Begin XCBuildConfiguration section */
		676F7CDA281D2F4C00CBBC12 /* Debug */ = {
			isa = XCBuildConfiguration;
			buildSettings = {
				ALWAYS_SEARCH_USER_PATHS = NO;
				CLANG_ANALYZER_NONNULL = YES;
				CLANG_ANALYZER_NUMBER_OBJECT_CONVERSION = YES_AGGRESSIVE;
				CLANG_CXX_LANGUAGE_STANDARD = "gnu++17";
				CLANG_CXX_LIBRARY = "libc++";
				CLANG_ENABLE_MODULES = YES;
				CLANG_ENABLE_OBJC_ARC = YES;
				CLANG_ENABLE_OBJC_WEAK = YES;
				CLANG_WARN_BLOCK_CAPTURE_AUTORELEASING = YES;
				CLANG_WARN_BOOL_CONVERSION = YES;
				CLANG_WARN_COMMA = YES;
				CLANG_WARN_CONSTANT_CONVERSION = YES;
				CLANG_WARN_DEPRECATED_OBJC_IMPLEMENTATIONS = YES;
				CLANG_WARN_DIRECT_OBJC_ISA_USAGE = YES_ERROR;
				CLANG_WARN_DOCUMENTATION_COMMENTS = YES;
				CLANG_WARN_EMPTY_BODY = YES;
				CLANG_WARN_ENUM_CONVERSION = YES;
				CLANG_WARN_INFINITE_RECURSION = YES;
				CLANG_WARN_INT_CONVERSION = YES;
				CLANG_WARN_NON_LITERAL_NULL_CONVERSION = YES;
				CLANG_WARN_OBJC_IMPLICIT_RETAIN_SELF = YES;
				CLANG_WARN_OBJC_LITERAL_CONVERSION = YES;
				CLANG_WARN_OBJC_ROOT_CLASS = YES_ERROR;
				CLANG_WARN_QUOTED_INCLUDE_IN_FRAMEWORK_HEADER = YES;
				CLANG_WARN_RANGE_LOOP_ANALYSIS = YES;
				CLANG_WARN_STRICT_PROTOTYPES = YES;
				CLANG_WARN_SUSPICIOUS_MOVE = YES;
				CLANG_WARN_UNGUARDED_AVAILABILITY = YES_AGGRESSIVE;
				CLANG_WARN_UNREACHABLE_CODE = YES;
				CLANG_WARN__DUPLICATE_METHOD_MATCH = YES;
				COPY_PHASE_STRIP = NO;
				DEBUG_INFORMATION_FORMAT = dwarf;
				ENABLE_STRICT_OBJC_MSGSEND = YES;
				ENABLE_TESTABILITY = YES;
				GCC_C_LANGUAGE_STANDARD = gnu11;
				GCC_DYNAMIC_NO_PIC = NO;
				GCC_NO_COMMON_BLOCKS = YES;
				GCC_OPTIMIZATION_LEVEL = 0;
				GCC_PREPROCESSOR_DEFINITIONS = (
					"DEBUG=1",
					"$(inherited)",
				);
				GCC_WARN_64_TO_32_BIT_CONVERSION = YES;
				GCC_WARN_ABOUT_RETURN_TYPE = YES_ERROR;
				GCC_WARN_UNDECLARED_SELECTOR = YES;
				GCC_WARN_UNINITIALIZED_AUTOS = YES_AGGRESSIVE;
				GCC_WARN_UNUSED_FUNCTION = YES;
				GCC_WARN_UNUSED_VARIABLE = YES;
				IPHONEOS_DEPLOYMENT_TARGET = 15.0;
				MTL_ENABLE_DEBUG_INFO = INCLUDE_SOURCE;
				MTL_FAST_MATH = YES;
				ONLY_ACTIVE_ARCH = YES;
				SDKROOT = iphoneos;
				SWIFT_ACTIVE_COMPILATION_CONDITIONS = DEBUG;
				SWIFT_OPTIMIZATION_LEVEL = "-Onone";
			};
			name = Debug;
		};
		676F7CDB281D2F4C00CBBC12 /* Release */ = {
			isa = XCBuildConfiguration;
			buildSettings = {
				ALWAYS_SEARCH_USER_PATHS = NO;
				CLANG_ANALYZER_NONNULL = YES;
				CLANG_ANALYZER_NUMBER_OBJECT_CONVERSION = YES_AGGRESSIVE;
				CLANG_CXX_LANGUAGE_STANDARD = "gnu++17";
				CLANG_CXX_LIBRARY = "libc++";
				CLANG_ENABLE_MODULES = YES;
				CLANG_ENABLE_OBJC_ARC = YES;
				CLANG_ENABLE_OBJC_WEAK = YES;
				CLANG_WARN_BLOCK_CAPTURE_AUTORELEASING = YES;
				CLANG_WARN_BOOL_CONVERSION = YES;
				CLANG_WARN_COMMA = YES;
				CLANG_WARN_CONSTANT_CONVERSION = YES;
				CLANG_WARN_DEPRECATED_OBJC_IMPLEMENTATIONS = YES;
				CLANG_WARN_DIRECT_OBJC_ISA_USAGE = YES_ERROR;
				CLANG_WARN_DOCUMENTATION_COMMENTS = YES;
				CLANG_WARN_EMPTY_BODY = YES;
				CLANG_WARN_ENUM_CONVERSION = YES;
				CLANG_WARN_INFINITE_RECURSION = YES;
				CLANG_WARN_INT_CONVERSION = YES;
				CLANG_WARN_NON_LITERAL_NULL_CONVERSION = YES;
				CLANG_WARN_OBJC_IMPLICIT_RETAIN_SELF = YES;
				CLANG_WARN_OBJC_LITERAL_CONVERSION = YES;
				CLANG_WARN_OBJC_ROOT_CLASS = YES_ERROR;
				CLANG_WARN_QUOTED_INCLUDE_IN_FRAMEWORK_HEADER = YES;
				CLANG_WARN_RANGE_LOOP_ANALYSIS = YES;
				CLANG_WARN_STRICT_PROTOTYPES = YES;
				CLANG_WARN_SUSPICIOUS_MOVE = YES;
				CLANG_WARN_UNGUARDED_AVAILABILITY = YES_AGGRESSIVE;
				CLANG_WARN_UNREACHABLE_CODE = YES;
				CLANG_WARN__DUPLICATE_METHOD_MATCH = YES;
				COPY_PHASE_STRIP = NO;
				DEBUG_INFORMATION_FORMAT = "dwarf-with-dsym";
				ENABLE_NS_ASSERTIONS = NO;
				ENABLE_STRICT_OBJC_MSGSEND = YES;
				GCC_C_LANGUAGE_STANDARD = gnu11;
				GCC_NO_COMMON_BLOCKS = YES;
				GCC_WARN_64_TO_32_BIT_CONVERSION = YES;
				GCC_WARN_ABOUT_RETURN_TYPE = YES_ERROR;
				GCC_WARN_UNDECLARED_SELECTOR = YES;
				GCC_WARN_UNINITIALIZED_AUTOS = YES_AGGRESSIVE;
				GCC_WARN_UNUSED_FUNCTION = YES;
				GCC_WARN_UNUSED_VARIABLE = YES;
				IPHONEOS_DEPLOYMENT_TARGET = 15.0;
				MTL_ENABLE_DEBUG_INFO = NO;
				MTL_FAST_MATH = YES;
				SDKROOT = iphoneos;
				SWIFT_COMPILATION_MODE = wholemodule;
				SWIFT_OPTIMIZATION_LEVEL = "-O";
				VALIDATE_PRODUCT = YES;
			};
			name = Release;
		};
		676F7CDD281D2F4C00CBBC12 /* Debug */ = {
			isa = XCBuildConfiguration;
			buildSettings = {
				ASSETCATALOG_COMPILER_APPICON_NAME = AppIcon;
				ASSETCATALOG_COMPILER_GLOBAL_ACCENT_COLOR_NAME = AccentColor;
				CODE_SIGN_STYLE = Automatic;
				CURRENT_PROJECT_VERSION = 1;
				DEVELOPMENT_ASSET_PATHS = "\"BookStore/Preview Content\"";
				DEVELOPMENT_TEAM = 4B8H7PQ6PR;
				ENABLE_PREVIEWS = YES;
				GENERATE_INFOPLIST_FILE = YES;
				INFOPLIST_KEY_UIApplicationSceneManifest_Generation = YES;
				INFOPLIST_KEY_UIApplicationSupportsIndirectInputEvents = YES;
				INFOPLIST_KEY_UILaunchScreen_Generation = YES;
				INFOPLIST_KEY_UISupportedInterfaceOrientations_iPad = "UIInterfaceOrientationPortrait UIInterfaceOrientationPortraitUpsideDown UIInterfaceOrientationLandscapeLeft UIInterfaceOrientationLandscapeRight";
				INFOPLIST_KEY_UISupportedInterfaceOrientations_iPhone = "UIInterfaceOrientationPortrait UIInterfaceOrientationLandscapeLeft UIInterfaceOrientationLandscapeRight";
				LD_RUNPATH_SEARCH_PATHS = (
					"$(inherited)",
					"@executable_path/Frameworks",
				);
				MARKETING_VERSION = 1.0;
				PRODUCT_BUNDLE_IDENTIFIER = "com.example.apple-samplecode.BookStore";
				PRODUCT_NAME = "$(TARGET_NAME)";
				SWIFT_EMIT_LOC_STRINGS = YES;
				SWIFT_VERSION = 5.0;
				TARGETED_DEVICE_FAMILY = "1,2";
			};
			name = Debug;
		};
		676F7CDE281D2F4C00CBBC12 /* Release */ = {
			isa = XCBuildConfiguration;
			buildSettings = {
				ASSETCATALOG_COMPILER_APPICON_NAME = AppIcon;
				ASSETCATALOG_COMPILER_GLOBAL_ACCENT_COLOR_NAME = AccentColor;
				CODE_SIGN_STYLE = Automatic;
				CURRENT_PROJECT_VERSION = 1;
				DEVELOPMENT_ASSET_PATHS = "\"BookStore/Preview Content\"";
				DEVELOPMENT_TEAM = 4B8H7PQ6PR;
				ENABLE_PREVIEWS = YES;
				GENERATE_INFOPLIST_FILE = YES;
				INFOPLIST_KEY_UIApplicationSceneManifest_Generation = YES;
				INFOPLIST_KEY_UIApplicationSupportsIndirectInputEvents = YES;
				INFOPLIST_KEY_UILaunchScreen_Generation = YES;
				INFOPLIST_KEY_UISupportedInterfaceOrientations_iPad = "UIInterfaceOrientationPortrait UIInterfaceOrientationPortraitUpsideDown UIInterfaceOrientationLandscapeLeft UIInterfaceOrientationLandscapeRight";
				INFOPLIST_KEY_UISupportedInterfaceOrientations_iPhone = "UIInterfaceOrientationPortrait UIInterfaceOrientationLandscapeLeft UIInterfaceOrientationLandscapeRight";
				LD_RUNPATH_SEARCH_PATHS = (
					"$(inherited)",
					"@executable_path/Frameworks",
				);
				MARKETING_VERSION = 1.0;
				PRODUCT_BUNDLE_IDENTIFIER = "com.example.apple-samplecode.BookStore";
				PRODUCT_NAME = "$(TARGET_NAME)";
				SWIFT_EMIT_LOC_STRINGS = YES;
				SWIFT_VERSION = 5.0;
				TARGETED_DEVICE_FAMILY = "1,2";
			};
			name = Release;
		};
		676F7CE0281D2F4C00CBBC12 /* Debug */ = {
			isa = XCBuildConfiguration;
			buildSettings = {
				ALWAYS_EMBED_SWIFT_STANDARD_LIBRARIES = YES;
				BUNDLE_LOADER = "$(TEST_HOST)";
				CODE_SIGN_STYLE = Automatic;
				CURRENT_PROJECT_VERSION = 1;
				DEVELOPMENT_TEAM = 4B8H7PQ6PR;
				GENERATE_INFOPLIST_FILE = YES;
				IPHONEOS_DEPLOYMENT_TARGET = 15.0;
				LD_RUNPATH_SEARCH_PATHS = (
					"$(inherited)",
					"@executable_path/Frameworks",
					"@loader_path/Frameworks",
				);
				MARKETING_VERSION = 1.0;
				PRODUCT_BUNDLE_IDENTIFIER = "com.example.apple-samplecode.BookStoreTests";
				PRODUCT_NAME = "$(TARGET_NAME)";
				SWIFT_EMIT_LOC_STRINGS = NO;
				SWIFT_VERSION = 5.0;
				TARGETED_DEVICE_FAMILY = "1,2";
				TEST_HOST = "$(BUILT_PRODUCTS_DIR)/BookStore.app/BookStore";
			};
			name = Debug;
		};
		676F7CE1281D2F4C00CBBC12 /* Release */ = {
			isa = XCBuildConfiguration;
			buildSettings = {
				ALWAYS_EMBED_SWIFT_STANDARD_LIBRARIES = YES;
				BUNDLE_LOADER = "$(TEST_HOST)";
				CODE_SIGN_STYLE = Automatic;
				CURRENT_PROJECT_VERSION = 1;
				DEVELOPMENT_TEAM = 4B8H7PQ6PR;
				GENERATE_INFOPLIST_FILE = YES;
				IPHONEOS_DEPLOYMENT_TARGET = 15.0;
				LD_RUNPATH_SEARCH_PATHS = (
					"$(inherited)",
					"@executable_path/Frameworks",
					"@loader_path/Frameworks",
				);
				MARKETING_VERSION = 1.0;
				PRODUCT_BUNDLE_IDENTIFIER = "com.example.apple-samplecode.BookStoreTests";
				PRODUCT_NAME = "$(TARGET_NAME)";
				SWIFT_EMIT_LOC_STRINGS = NO;
				SWIFT_VERSION = 5.0;
				TARGETED_DEVICE_FAMILY = "1,2";
				TEST_HOST = "$(BUILT_PRODUCTS_DIR)/BookStore.app/BookStore";
			};
			name = Release;
		};
		676F7CE3281D2F4C00CBBC12 /* Debug */ = {
			isa = XCBuildConfiguration;
			buildSettings = {
				ALWAYS_EMBED_SWIFT_STANDARD_LIBRARIES = YES;
				CODE_SIGN_STYLE = Automatic;
				CURRENT_PROJECT_VERSION = 1;
				DEVELOPMENT_TEAM = 4B8H7PQ6PR;
				GENERATE_INFOPLIST_FILE = YES;
				LD_RUNPATH_SEARCH_PATHS = (
					"$(inherited)",
					"@executable_path/Frameworks",
					"@loader_path/Frameworks",
				);
				MARKETING_VERSION = 1.0;
				PRODUCT_BUNDLE_IDENTIFIER = "com.example.apple-samplecode.BookStoreUITests";
				PRODUCT_NAME = "$(TARGET_NAME)";
				SWIFT_EMIT_LOC_STRINGS = NO;
				SWIFT_VERSION = 5.0;
				TARGETED_DEVICE_FAMILY = "1,2";
				TEST_TARGET_NAME = BookStore;
			};
			name = Debug;
		};
		676F7CE4281D2F4C00CBBC12 /* Release */ = {
			isa = XCBuildConfiguration;
			buildSettings = {
				ALWAYS_EMBED_SWIFT_STANDARD_LIBRARIES = YES;
				CODE_SIGN_STYLE = Automatic;
				CURRENT_PROJECT_VERSION = 1;
				DEVELOPMENT_TEAM = 4B8H7PQ6PR;
				GENERATE_INFOPLIST_FILE = YES;
				LD_RUNPATH_SEARCH_PATHS = (
					"$(inherited)",
					"@executable_path/Frameworks",
					"@loader_path/Frameworks",
				);
				MARKETING_VERSION = 1.0;
				PRODUCT_BUNDLE_IDENTIFIER = "com.example.apple-samplecode.BookStoreUITests";
				PRODUCT_NAME = "$(TARGET_NAME)";
				SWIFT_EMIT_LOC_STRINGS = NO;
				SWIFT_VERSION = 5.0;
				TARGETED_DEVICE_FAMILY = "1,2";
				TEST_TARGET_NAME = BookStore;
			};
			name = Release;
		};
/* End XCBuildConfiguration section */

/* Begin XCConfigurationList section */
		676F7CB3281D2F4900CBBC12 /* Build configuration list for PBXProject "BookStore" */ = {
			isa = XCConfigurationList;
			buildConfigurations = (
				676F7CDA281D2F4C00CBBC12 /* Debug */,
				676F7CDB281D2F4C00CBBC12 /* Release */,
			);
			defaultConfigurationIsVisible = 0;
			defaultConfigurationName = Release;
		};
		676F7CDC281D2F4C00CBBC12 /* Build configuration list for PBXNativeTarget "BookStore" */ = {
			isa = XCConfigurationList;
			buildConfigurations = (
				676F7CDD281D2F4C00CBBC12 /* Debug */,
				676F7CDE281D2F4C00CBBC12 /* Release */,
			);
			defaultConfigurationIsVisible = 0;
			defaultConfigurationName = Release;
		};
		676F7CDF281D2F4C00CBBC12 /* Build configuration list for PBXNativeTarget "BookStoreTests" */ = {
			isa = XCConfigurationList;
			buildConfigurations = (
				676F7CE0281D2F4C00CBBC12 /* Debug */,
				676F7CE1281D2F4C00CBBC12 /* Release */,
			);
			defaultConfigurationIsVisible = 0;
			defaultConfigurationName = Release;
		};
		676F7CE2281D2F4C00CBBC12 /* Build configuration list for PBXNativeTarget "BookStoreUITests" */ = {
			isa = XCConfigurationList;
			buildConfigurations = (
				676F7CE3281D2F4C00CBBC12 /* Debug */,
				676F7CE4281D2F4C00CBBC12 /* Release */,
			);
			defaultConfigurationIsVisible = 0;
			defaultConfigurationName = Release;
		};
/* End XCConfigurationList section */
	};
	rootObject = 676F7CB0281D2F4900CBBC12 /* Project object */;
}
